
Microsoft Visual Studio Solution File, Format Version 12.00
# Visual Studio Version 16
VisualStudioVersion = 16.0.30225.117
MinimumVisualStudioVersion = 10.0.40219.1
Project("{FAE04EC0-301F-11D3-BF4B-00C04F79EFBC}") = "SignalR_Chat", "SignalR_Chat\SignalR_Chat.csproj", "{AB310AEA-6667-4EB8-840F-7496E4B89B84}"
EndProject
Global
	GlobalSection(SolutionConfigurationPlatforms) = preSolution
		Debug|Any CPU = Debug|Any CPU
		Release|Any CPU = Release|Any CPU
	EndGlobalSection
	GlobalSection(ProjectConfigurationPlatforms) = postSolution
		{AB310AEA-6667-4EB8-840F-7496E4B89B84}.Debug|Any CPU.ActiveCfg = Debug|Any CPU
		{AB310AEA-6667-4EB8-840F-7496E4B89B84}.Debug|Any CPU.Build.0 = Debug|Any CPU
		{AB310AEA-6667-4EB8-840F-7496E4B89B84}.Release|Any CPU.ActiveCfg = Release|Any CPU
		{AB310AEA-6667-4EB8-840F-7496E4B89B84}.Release|Any CPU.Build.0 = Release|Any CPU
	EndGlobalSection
	GlobalSection(SolutionProperties) = preSolution
		HideSolutionNode = FALSE
	EndGlobalSection
	GlobalSection(ExtensibilityGlobals) = postSolution
		SolutionGuid = {60013FA4-8079-48F8-8C0D-14E076EC8495}
	EndGlobalSection
EndGlobal
